{
  "name": "disparador-gmail",
  "version": "2.0.0",
  "lockfileVersion": 3,
  "requires": true,
  "packages": {
    "": {
      "name": "disparador-gmail",
      "version": "2.0.0",
      "dependencies": {
        "odevcwb-apps": "file:.."
      }
    },
    "..": {
      "name": "odevcwb-apps",
      "devDependencies": {
        "cross-env": "^7.0.3"
      }
    },
    "node_modules/odevcwb-apps": {
      "resolved": "..",
      "link": true
    }
  }
}
